
Microsoft Visual Studio Solution File, Format Version 12.00
# Visual Studio Version 16
VisualStudioVersion = 16.0.31624.102
MinimumVisualStudioVersion = 10.0.40219.1
Project("{FAE04EC0-301F-11D3-BF4B-00C04F79EFBC}") = "MobileTest.UWP", "MobileTest\MobileTest.UWP\MobileTest.UWP.csproj", "{D22DA3BD-A636-408C-8114-A67147B74CD9}"
EndProject
Project("{FAE04EC0-301F-11D3-BF4B-00C04F79EFBC}") = "MobileTest.Android", "MobileTest\MobileTest.Android\MobileTest.Android.csproj", "{F910922B-4B0A-4000-B3A5-6C2A50EE946C}"
EndProject
Project("{FAE04EC0-301F-11D3-BF4B-00C04F79EFBC}") = "MobileTest.iOS", "MobileTest\MobileTest.iOS\MobileTest.iOS.csproj", "{F666A726-9E70-495D-89FF-B30D97149D26}"
EndProject
Project("{FAE04EC0-301F-11D3-BF4B-00C04F79EFBC}") = "MobileTest", "MobileTest\MobileTest\MobileTest.csproj", "{C51E9845-1855-4B1A-96AD-DCAF5DBFE331}"
EndProject
Global
	GlobalSection(SolutionConfigurationPlatforms) = preSolution
		Debug|Any CPU = Debug|Any CPU
		Debug|ARM = Debug|ARM
		Debug|iPhone = Debug|iPhone
		Debug|iPhoneSimulator = Debug|iPhoneSimulator
		Debug|x64 = Debug|x64
		Debug|x86 = Debug|x86
		Release|Any CPU = Release|Any CPU
		Release|ARM = Release|ARM
		Release|iPhone = Release|iPhone
		Release|iPhoneSimulator = Release|iPhoneSimulator
		Release|x64 = Release|x64
		Release|x86 = Release|x86
	EndGlobalSection
	GlobalSection(ProjectConfigurationPlatforms) = postSolution
		{D22DA3BD-A636-408C-8114-A67147B74CD9}.Debug|Any CPU.ActiveCfg = Debug|x86
		{D22DA3BD-A636-408C-8114-A67147B74CD9}.Debug|Any CPU.Build.0 = Debug|x86
		{D22DA3BD-A636-408C-8114-A67147B74CD9}.Debug|Any CPU.Deploy.0 = Debug|x86
		{D22DA3BD-A636-408C-8114-A67147B74CD9}.Debug|ARM.ActiveCfg = Debug|ARM
		{D22DA3BD-A636-408C-8114-A67147B74CD9}.Debug|ARM.Build.0 = Debug|ARM
		{D22DA3BD-A636-408C-8114-A67147B74CD9}.Debug|ARM.Deploy.0 = Debug|ARM
		{D22DA3BD-A636-408C-8114-A67147B74CD9}.Debug|iPhone.ActiveCfg = Debug|x86
		{D22DA3BD-A636-408C-8114-A67147B74CD9}.Debug|iPhone.Build.0 = Debug|x86
		{D22DA3BD-A636-408C-8114-A67147B74CD9}.Debug|iPhone.Deploy.0 = Debug|x86
		{D22DA3BD-A636-408C-8114-A67147B74CD9}.Debug|iPhoneSimulator.ActiveCfg = Debug|x86
		{D22DA3BD-A636-408C-8114-A67147B74CD9}.Debug|iPhoneSimulator.Build.0 = Debug|x86
		{D22DA3BD-A636-408C-8114-A67147B74CD9}.Debug|iPhoneSimulator.Deploy.0 = Debug|x86
		{D22DA3BD-A636-408C-8114-A67147B74CD9}.Debug|x64.ActiveCfg = Debug|x64
		{D22DA3BD-A636-408C-8114-A67147B74CD9}.Debug|x64.Build.0 = Debug|x64
		{D22DA3BD-A636-408C-8114-A67147B74CD9}.Debug|x64.Deploy.0 = Debug|x64
		{D22DA3BD-A636-408C-8114-A67147B74CD9}.Debug|x86.ActiveCfg = Debug|x86
		{D22DA3BD-A636-408C-8114-A67147B74CD9}.Debug|x86.Build.0 = Debug|x86
		{D22DA3BD-A636-408C-8114-A67147B74CD9}.Debug|x86.Deploy.0 = Debug|x86
		{D22DA3BD-A636-408C-8114-A67147B74CD9}.Release|Any CPU.ActiveCfg = Release|x86
		{D22DA3BD-A636-408C-8114-A67147B74CD9}.Release|Any CPU.Build.0 = Release|x86
		{D22DA3BD-A636-408C-8114-A67147B74CD9}.Release|Any CPU.Deploy.0 = Release|x86
		{D22DA3BD-A636-408C-8114-A67147B74CD9}.Release|ARM.ActiveCfg = Release|ARM
		{D22DA3BD-A636-408C-8114-A67147B74CD9}.Release|ARM.Build.0 = Release|ARM
		{D22DA3BD-A636-408C-8114-A67147B74CD9}.Release|ARM.Deploy.0 = Release|ARM
		{D22DA3BD-A636-408C-8114-A67147B74CD9}.Release|iPhone.ActiveCfg = Release|x86
		{D22DA3BD-A636-408C-8114-A67147B74CD9}.Release|iPhone.Build.0 = Release|x86
		{D22DA3BD-A636-408C-8114-A67147B74CD9}.Release|iPhone.Deploy.0 = Release|x86
		{D22DA3BD-A636-408C-8114-A67147B74CD9}.Release|iPhoneSimulator.ActiveCfg = Release|x86
		{D22DA3BD-A636-408C-8114-A67147B74CD9}.Release|iPhoneSimulator.Build.0 = Release|x86
		{D22DA3BD-A636-408C-8114-A67147B74CD9}.Release|iPhoneSimulator.Deploy.0 = Release|x86
		{D22DA3BD-A636-408C-8114-A67147B74CD9}.Release|x64.ActiveCfg = Release|x64
		{D22DA3BD-A636-408C-8114-A67147B74CD9}.Release|x64.Build.0 = Release|x64
		{D22DA3BD-A636-408C-8114-A67147B74CD9}.Release|x64.Deploy.0 = Release|x64
		{D22DA3BD-A636-408C-8114-A67147B74CD9}.Release|x86.ActiveCfg = Release|x86
		{D22DA3BD-A636-408C-8114-A67147B74CD9}.Release|x86.Build.0 = Release|x86
		{D22DA3BD-A636-408C-8114-A67147B74CD9}.Release|x86.Deploy.0 = Release|x86
		{F910922B-4B0A-4000-B3A5-6C2A50EE946C}.Debug|Any CPU.ActiveCfg = Debug|Any CPU
		{F910922B-4B0A-4000-B3A5-6C2A50EE946C}.Debug|Any CPU.Build.0 = Debug|Any CPU
		{F910922B-4B0A-4000-B3A5-6C2A50EE946C}.Debug|Any CPU.Deploy.0 = Debug|Any CPU
		{F910922B-4B0A-4000-B3A5-6C2A50EE946C}.Debug|ARM.ActiveCfg = Debug|Any CPU
		{F910922B-4B0A-4000-B3A5-6C2A50EE946C}.Debug|ARM.Build.0 = Debug|Any CPU
		{F910922B-4B0A-4000-B3A5-6C2A50EE946C}.Debug|ARM.Deploy.0 = Debug|Any CPU
		{F910922B-4B0A-4000-B3A5-6C2A50EE946C}.Debug|iPhone.ActiveCfg = Debug|Any CPU
		{F910922B-4B0A-4000-B3A5-6C2A50EE946C}.Debug|iPhone.Build.0 = Debug|Any CPU
		{F910922B-4B0A-4000-B3A5-6C2A50EE946C}.Debug|iPhone.Deploy.0 = Debug|Any CPU
		{F910922B-4B0A-4000-B3A5-6C2A50EE946C}.Debug|iPhoneSimulator.ActiveCfg = Debug|Any CPU
		{F910922B-4B0A-4000-B3A5-6C2A50EE946C}.Debug|iPhoneSimulator.Build.0 = Debug|Any CPU
		{F910922B-4B0A-4000-B3A5-6C2A50EE946C}.Debug|iPhoneSimulator.Deploy.0 = Debug|Any CPU
		{F910922B-4B0A-4000-B3A5-6C2A50EE946C}.Debug|x64.ActiveCfg = Debug|Any CPU
		{F910922B-4B0A-4000-B3A5-6C2A50EE946C}.Debug|x64.Build.0 = Debug|Any CPU
		{F910922B-4B0A-4000-B3A5-6C2A50EE946C}.Debug|x64.Deploy.0 = Debug|Any CPU
		{F910922B-4B0A-4000-B3A5-6C2A50EE946C}.Debug|x86.ActiveCfg = Debug|Any CPU
		{F910922B-4B0A-4000-B3A5-6C2A50EE946C}.Debug|x86.Build.0 = Debug|Any CPU
		{F910922B-4B0A-4000-B3A5-6C2A50EE946C}.Debug|x86.Deploy.0 = Debug|Any CPU
		{F910922B-4B0A-4000-B3A5-6C2A50EE946C}.Release|Any CPU.ActiveCfg = Release|Any CPU
		{F910922B-4B0A-4000-B3A5-6C2A50EE946C}.Release|Any CPU.Build.0 = Release|Any CPU
		{F910922B-4B0A-4000-B3A5-6C2A50EE946C}.Release|Any CPU.Deploy.0 = Release|Any CPU
		{F910922B-4B0A-4000-B3A5-6C2A50EE946C}.Release|ARM.ActiveCfg = Release|Any CPU
		{F910922B-4B0A-4000-B3A5-6C2A50EE946C}.Release|ARM.Build.0 = Release|Any CPU
		{F910922B-4B0A-4000-B3A5-6C2A50EE946C}.Release|ARM.Deploy.0 = Release|Any CPU
		{F910922B-4B0A-4000-B3A5-6C2A50EE946C}.Release|iPhone.ActiveCfg = Release|Any CPU
		{F910922B-4B0A-4000-B3A5-6C2A50EE946C}.Release|iPhone.Build.0 = Release|Any CPU
		{F910922B-4B0A-4000-B3A5-6C2A50EE946C}.Release|iPhone.Deploy.0 = Release|Any CPU
		{F910922B-4B0A-4000-B3A5-6C2A50EE946C}.Release|iPhoneSimulator.ActiveCfg = Release|Any CPU
		{F910922B-4B0A-4000-B3A5-6C2A50EE946C}.Release|iPhoneSimulator.Build.0 = Release|Any CPU
		{F910922B-4B0A-4000-B3A5-6C2A50EE946C}.Release|iPhoneSimulator.Deploy.0 = Release|Any CPU
		{F910922B-4B0A-4000-B3A5-6C2A50EE946C}.Release|x64.ActiveCfg = Release|Any CPU
		{F910922B-4B0A-4000-B3A5-6C2A50EE946C}.Release|x64.Build.0 = Release|Any CPU
		{F910922B-4B0A-4000-B3A5-6C2A50EE946C}.Release|x64.Deploy.0 = Release|Any CPU
		{F910922B-4B0A-4000-B3A5-6C2A50EE946C}.Release|x86.ActiveCfg = Release|Any CPU
		{F910922B-4B0A-4000-B3A5-6C2A50EE946C}.Release|x86.Build.0 = Release|Any CPU
		{F910922B-4B0A-4000-B3A5-6C2A50EE946C}.Release|x86.Deploy.0 = Release|Any CPU
		{F666A726-9E70-495D-89FF-B30D97149D26}.Debug|Any CPU.ActiveCfg = Debug|iPhoneSimulator
		{F666A726-9E70-495D-89FF-B30D97149D26}.Debug|Any CPU.Build.0 = Debug|iPhoneSimulator
		{F666A726-9E70-495D-89FF-B30D97149D26}.Debug|Any CPU.Deploy.0 = Debug|iPhoneSimulator
		{F666A726-9E70-495D-89FF-B30D97149D26}.Debug|ARM.ActiveCfg = Debug|iPhone
		{F666A726-9E70-495D-89FF-B30D97149D26}.Debug|ARM.Build.0 = Debug|iPhone
		{F666A726-9E70-495D-89FF-B30D97149D26}.Debug|ARM.Deploy.0 = Debug|iPhone
		{F666A726-9E70-495D-89FF-B30D97149D26}.Debug|iPhone.ActiveCfg = Debug|iPhone
		{F666A726-9E70-495D-89FF-B30D97149D26}.Debug|iPhone.Build.0 = Debug|iPhone
		{F666A726-9E70-495D-89FF-B30D97149D26}.Debug|iPhone.Deploy.0 = Debug|iPhone
		{F666A726-9E70-495D-89FF-B30D97149D26}.Debug|iPhoneSimulator.ActiveCfg = Debug|iPhoneSimulator
		{F666A726-9E70-495D-89FF-B30D97149D26}.Debug|iPhoneSimulator.Build.0 = Debug|iPhoneSimulator
		{F666A726-9E70-495D-89FF-B30D97149D26}.Debug|iPhoneSimulator.Deploy.0 = Debug|iPhoneSimulator
		{F666A726-9E70-495D-89FF-B30D97149D26}.Debug|x64.ActiveCfg = Debug|iPhoneSimulator
		{F666A726-9E70-495D-89FF-B30D97149D26}.Debug|x64.Build.0 = Debug|iPhoneSimulator
		{F666A726-9E70-495D-89FF-B30D97149D26}.Debug|x64.Deploy.0 = Debug|iPhoneSimulator
		{F666A726-9E70-495D-89FF-B30D97149D26}.Debug|x86.ActiveCfg = Debug|iPhoneSimulator
		{F666A726-9E70-495D-89FF-B30D97149D26}.Debug|x86.Build.0 = Debug|iPhoneSimulator
		{F666A726-9E70-495D-89FF-B30D97149D26}.Debug|x86.Deploy.0 = Debug|iPhoneSimulator
		{F666A726-9E70-495D-89FF-B30D97149D26}.Release|Any CPU.ActiveCfg = Release|iPhoneSimulator
		{F666A726-9E70-495D-89FF-B30D97149D26}.Release|Any CPU.Build.0 = Release|iPhoneSimulator
		{F666A726-9E70-495D-89FF-B30D97149D26}.Release|Any CPU.Deploy.0 = Release|iPhoneSimulator
		{F666A726-9E70-495D-89FF-B30D97149D26}.Release|ARM.ActiveCfg = Release|iPhoneSimulator
		{F666A726-9E70-495D-89FF-B30D97149D26}.Release|ARM.Build.0 = Release|iPhoneSimulator
		{F666A726-9E70-495D-89FF-B30D97149D26}.Release|ARM.Deploy.0 = Release|iPhoneSimulator
		{F666A726-9E70-495D-89FF-B30D97149D26}.Release|iPhone.ActiveCfg = Release|iPhone
		{F666A726-9E70-495D-89FF-B30D97149D26}.Release|iPhone.Build.0 = Release|iPhone
		{F666A726-9E70-495D-89FF-B30D97149D26}.Release|iPhone.Deploy.0 = Release|iPhone
		{F666A726-9E70-495D-89FF-B30D97149D26}.Release|iPhoneSimulator.ActiveCfg = Release|iPhoneSimulator
		{F666A726-9E70-495D-89FF-B30D97149D26}.Release|iPhoneSimulator.Build.0 = Release|iPhoneSimulator
		{F666A726-9E70-495D-89FF-B30D97149D26}.Release|iPhoneSimulator.Deploy.0 = Release|iPhoneSimulator
		{F666A726-9E70-495D-89FF-B30D97149D26}.Release|x64.ActiveCfg = Release|iPhoneSimulator
		{F666A726-9E70-495D-89FF-B30D97149D26}.Release|x64.Build.0 = Release|iPhoneSimulator
		{F666A726-9E70-495D-89FF-B30D97149D26}.Release|x64.Deploy.0 = Release|iPhoneSimulator
		{F666A726-9E70-495D-89FF-B30D97149D26}.Release|x86.ActiveCfg = Release|iPhoneSimulator
		{F666A726-9E70-495D-89FF-B30D97149D26}.Release|x86.Build.0 = Release|iPhoneSimulator
		{F666A726-9E70-495D-89FF-B30D97149D26}.Release|x86.Deploy.0 = Release|iPhoneSimulator
		{C51E9845-1855-4B1A-96AD-DCAF5DBFE331}.Debug|Any CPU.ActiveCfg = Debug|Any CPU
		{C51E9845-1855-4B1A-96AD-DCAF5DBFE331}.Debug|Any CPU.Build.0 = Debug|Any CPU
		{C51E9845-1855-4B1A-96AD-DCAF5DBFE331}.Debug|Any CPU.Deploy.0 = Debug|Any CPU
		{C51E9845-1855-4B1A-96AD-DCAF5DBFE331}.Debug|ARM.ActiveCfg = Debug|Any CPU
		{C51E9845-1855-4B1A-96AD-DCAF5DBFE331}.Debug|ARM.Build.0 = Debug|Any CPU
		{C51E9845-1855-4B1A-96AD-DCAF5DBFE331}.Debug|ARM.Deploy.0 = Debug|Any CPU
		{C51E9845-1855-4B1A-96AD-DCAF5DBFE331}.Debug|iPhone.ActiveCfg = Debug|Any CPU
		{C51E9845-1855-4B1A-96AD-DCAF5DBFE331}.Debug|iPhone.Build.0 = Debug|Any CPU
		{C51E9845-1855-4B1A-96AD-DCAF5DBFE331}.Debug|iPhone.Deploy.0 = Debug|Any CPU
		{C51E9845-1855-4B1A-96AD-DCAF5DBFE331}.Debug|iPhoneSimulator.ActiveCfg = Debug|Any CPU
		{C51E9845-1855-4B1A-96AD-DCAF5DBFE331}.Debug|iPhoneSimulator.Build.0 = Debug|Any CPU
		{C51E9845-1855-4B1A-96AD-DCAF5DBFE331}.Debug|iPhoneSimulator.Deploy.0 = Debug|Any CPU
		{C51E9845-1855-4B1A-96AD-DCAF5DBFE331}.Debug|x64.ActiveCfg = Debug|Any CPU
		{C51E9845-1855-4B1A-96AD-DCAF5DBFE331}.Debug|x64.Build.0 = Debug|Any CPU
		{C51E9845-1855-4B1A-96AD-DCAF5DBFE331}.Debug|x64.Deploy.0 = Debug|Any CPU
		{C51E9845-1855-4B1A-96AD-DCAF5DBFE331}.Debug|x86.ActiveCfg = Debug|Any CPU
		{C51E9845-1855-4B1A-96AD-DCAF5DBFE331}.Debug|x86.Build.0 = Debug|Any CPU
		{C51E9845-1855-4B1A-96AD-DCAF5DBFE331}.Debug|x86.Deploy.0 = Debug|Any CPU
		{C51E9845-1855-4B1A-96AD-DCAF5DBFE331}.Release|Any CPU.ActiveCfg = Release|Any CPU
		{C51E9845-1855-4B1A-96AD-DCAF5DBFE331}.Release|Any CPU.Build.0 = Release|Any CPU
		{C51E9845-1855-4B1A-96AD-DCAF5DBFE331}.Release|Any CPU.Deploy.0 = Release|Any CPU
		{C51E9845-1855-4B1A-96AD-DCAF5DBFE331}.Release|ARM.ActiveCfg = Release|Any CPU
		{C51E9845-1855-4B1A-96AD-DCAF5DBFE331}.Release|ARM.Build.0 = Release|Any CPU
		{C51E9845-1855-4B1A-96AD-DCAF5DBFE331}.Release|ARM.Deploy.0 = Release|Any CPU
		{C51E9845-1855-4B1A-96AD-DCAF5DBFE331}.Release|iPhone.ActiveCfg = Release|Any CPU
		{C51E9845-1855-4B1A-96AD-DCAF5DBFE331}.Release|iPhone.Build.0 = Release|Any CPU
		{C51E9845-1855-4B1A-96AD-DCAF5DBFE331}.Release|iPhone.Deploy.0 = Release|Any CPU
		{C51E9845-1855-4B1A-96AD-DCAF5DBFE331}.Release|iPhoneSimulator.ActiveCfg = Release|Any CPU
		{C51E9845-1855-4B1A-96AD-DCAF5DBFE331}.Release|iPhoneSimulator.Build.0 = Release|Any CPU
		{C51E9845-1855-4B1A-96AD-DCAF5DBFE331}.Release|iPhoneSimulator.Deploy.0 = Release|Any CPU
		{C51E9845-1855-4B1A-96AD-DCAF5DBFE331}.Release|x64.ActiveCfg = Release|Any CPU
		{C51E9845-1855-4B1A-96AD-DCAF5DBFE331}.Release|x64.Build.0 = Release|Any CPU
		{C51E9845-1855-4B1A-96AD-DCAF5DBFE331}.Release|x64.Deploy.0 = Release|Any CPU
		{C51E9845-1855-4B1A-96AD-DCAF5DBFE331}.Release|x86.ActiveCfg = Release|Any CPU
		{C51E9845-1855-4B1A-96AD-DCAF5DBFE331}.Release|x86.Build.0 = Release|Any CPU
		{C51E9845-1855-4B1A-96AD-DCAF5DBFE331}.Release|x86.Deploy.0 = Release|Any CPU
	EndGlobalSection
	GlobalSection(SolutionProperties) = preSolution
		HideSolutionNode = FALSE
	EndGlobalSection
	GlobalSection(ExtensibilityGlobals) = postSolution
		SolutionGuid = {06B2AF2E-9E88-4586-9D35-0FC3F6DD13FE}
	EndGlobalSection
EndGlobal
